
Microsoft Visual Studio Solution File, Format Version 12.00
# Visual Studio Version 16
VisualStudioVersion = 16.0.32002.261
MinimumVisualStudioVersion = 10.0.40219.1
Project("{FAE04EC0-301F-11D3-BF4B-00C04F79EFBC}") = "Lab2-14", "Lab2-14\Lab2-14.csproj", "{538F495A-F5A6-4E3A-850E-1D53884DD7A8}"
EndProject
Global
	GlobalSection(SolutionConfigurationPlatforms) = preSolution
		Debug|Any CPU = Debug|Any CPU
		Release|Any CPU = Release|Any CPU
	EndGlobalSection
	GlobalSection(ProjectConfigurationPlatforms) = postSolution
		{538F495A-F5A6-4E3A-850E-1D53884DD7A8}.Debug|Any CPU.ActiveCfg = Debug|Any CPU
		{538F495A-F5A6-4E3A-850E-1D53884DD7A8}.Debug|Any CPU.Build.0 = Debug|Any CPU
		{538F495A-F5A6-4E3A-850E-1D53884DD7A8}.Release|Any CPU.ActiveCfg = Release|Any CPU
		{538F495A-F5A6-4E3A-850E-1D53884DD7A8}.Release|Any CPU.Build.0 = Release|Any CPU
	EndGlobalSection
	GlobalSection(SolutionProperties) = preSolution
		HideSolutionNode = FALSE
	EndGlobalSection
	GlobalSection(ExtensibilityGlobals) = postSolution
		SolutionGuid = {10B6D0A8-101A-483B-A85E-BDAB99954058}
	EndGlobalSection
EndGlobal
